
Microsoft Visual Studio Solution File, Format Version 12.00
# Visual Studio Version 17
VisualStudioVersion = 17.0.31903.59
MinimumVisualStudioVersion = 10.0.40219.1
Project("{2150E333-8FDC-42A3-9474-1A3956D46DE8}") = "src", "src", "{4FA9177D-6E3E-49E5-8A1D-63A687F7075F}"
EndProject
Project("{FAE04EC0-301F-11D3-BF4B-00C04F79EFBC}") = "MethodCracker.MonoCecil", "src\MethodCracker.MonoCecil\MethodCracker.MonoCecil.csproj", "{3F0A8B95-CE2A-464F-B409-902F7A367AD2}"
EndProject
Project("{FAE04EC0-301F-11D3-BF4B-00C04F79EFBC}") = "MethodCracker.Tasks", "src\MethodCracker.Tasks\MethodCracker.Tasks.csproj", "{0D1DCCAD-F18F-4286-B55A-0ABDAC598588}"
EndProject
Project("{FAE04EC0-301F-11D3-BF4B-00C04F79EFBC}") = "MethodCracker", "src\MethodCracker\MethodCracker.csproj", "{CF8AE9E7-3EAC-4E4C-9849-0798017B8E3E}"
EndProject
Project("{2150E333-8FDC-42A3-9474-1A3956D46DE8}") = "examples", "examples", "{B82B47A7-88A9-42C4-89BF-BB1B2336945A}"
EndProject
Project("{FAE04EC0-301F-11D3-BF4B-00C04F79EFBC}") = "ConsoleApp1", "examples\ConsoleApp1\ConsoleApp1.csproj", "{A79EC5D1-FF18-4F79-8BC2-3B3692017C2E}"
EndProject
Project("{FAE04EC0-301F-11D3-BF4B-00C04F79EFBC}") = "ExampleApp1", "examples\ExampleApp1\ExampleApp1.csproj", "{96F48000-42E9-4D6D-AF64-1278F158657E}"
EndProject
Project("{2150E333-8FDC-42A3-9474-1A3956D46DE8}") = "tests", "tests", "{B3DA1202-231F-4E7E-9718-D7F4A528768E}"
EndProject
Project("{FAE04EC0-301F-11D3-BF4B-00C04F79EFBC}") = "MethodCrackerTest", "tests\MethodCrackerTest\MethodCrackerTest.csproj", "{814E54E1-2F53-4996-8185-64655DAA421B}"
EndProject
Global
	GlobalSection(SolutionConfigurationPlatforms) = preSolution
		Debug|Any CPU = Debug|Any CPU
		Release|Any CPU = Release|Any CPU
	EndGlobalSection
	GlobalSection(SolutionProperties) = preSolution
		HideSolutionNode = FALSE
	EndGlobalSection
	GlobalSection(ProjectConfigurationPlatforms) = postSolution
		{3F0A8B95-CE2A-464F-B409-902F7A367AD2}.Debug|Any CPU.ActiveCfg = Debug|Any CPU
		{3F0A8B95-CE2A-464F-B409-902F7A367AD2}.Debug|Any CPU.Build.0 = Debug|Any CPU
		{3F0A8B95-CE2A-464F-B409-902F7A367AD2}.Release|Any CPU.ActiveCfg = Release|Any CPU
		{3F0A8B95-CE2A-464F-B409-902F7A367AD2}.Release|Any CPU.Build.0 = Release|Any CPU
		{0D1DCCAD-F18F-4286-B55A-0ABDAC598588}.Debug|Any CPU.ActiveCfg = Debug|Any CPU
		{0D1DCCAD-F18F-4286-B55A-0ABDAC598588}.Debug|Any CPU.Build.0 = Debug|Any CPU
		{0D1DCCAD-F18F-4286-B55A-0ABDAC598588}.Release|Any CPU.ActiveCfg = Release|Any CPU
		{0D1DCCAD-F18F-4286-B55A-0ABDAC598588}.Release|Any CPU.Build.0 = Release|Any CPU
		{CF8AE9E7-3EAC-4E4C-9849-0798017B8E3E}.Debug|Any CPU.ActiveCfg = Debug|Any CPU
		{CF8AE9E7-3EAC-4E4C-9849-0798017B8E3E}.Debug|Any CPU.Build.0 = Debug|Any CPU
		{CF8AE9E7-3EAC-4E4C-9849-0798017B8E3E}.Release|Any CPU.ActiveCfg = Release|Any CPU
		{CF8AE9E7-3EAC-4E4C-9849-0798017B8E3E}.Release|Any CPU.Build.0 = Release|Any CPU
		{A79EC5D1-FF18-4F79-8BC2-3B3692017C2E}.Debug|Any CPU.ActiveCfg = Debug|Any CPU
		{A79EC5D1-FF18-4F79-8BC2-3B3692017C2E}.Debug|Any CPU.Build.0 = Debug|Any CPU
		{A79EC5D1-FF18-4F79-8BC2-3B3692017C2E}.Release|Any CPU.ActiveCfg = Release|Any CPU
		{A79EC5D1-FF18-4F79-8BC2-3B3692017C2E}.Release|Any CPU.Build.0 = Release|Any CPU
		{96F48000-42E9-4D6D-AF64-1278F158657E}.Debug|Any CPU.ActiveCfg = Debug|Any CPU
		{96F48000-42E9-4D6D-AF64-1278F158657E}.Debug|Any CPU.Build.0 = Debug|Any CPU
		{96F48000-42E9-4D6D-AF64-1278F158657E}.Release|Any CPU.ActiveCfg = Release|Any CPU
		{96F48000-42E9-4D6D-AF64-1278F158657E}.Release|Any CPU.Build.0 = Release|Any CPU
		{814E54E1-2F53-4996-8185-64655DAA421B}.Debug|Any CPU.ActiveCfg = Debug|Any CPU
		{814E54E1-2F53-4996-8185-64655DAA421B}.Debug|Any CPU.Build.0 = Debug|Any CPU
		{814E54E1-2F53-4996-8185-64655DAA421B}.Release|Any CPU.ActiveCfg = Release|Any CPU
		{814E54E1-2F53-4996-8185-64655DAA421B}.Release|Any CPU.Build.0 = Release|Any CPU
	EndGlobalSection
	GlobalSection(NestedProjects) = preSolution
		{3F0A8B95-CE2A-464F-B409-902F7A367AD2} = {4FA9177D-6E3E-49E5-8A1D-63A687F7075F}
		{0D1DCCAD-F18F-4286-B55A-0ABDAC598588} = {4FA9177D-6E3E-49E5-8A1D-63A687F7075F}
		{CF8AE9E7-3EAC-4E4C-9849-0798017B8E3E} = {4FA9177D-6E3E-49E5-8A1D-63A687F7075F}
		{A79EC5D1-FF18-4F79-8BC2-3B3692017C2E} = {B82B47A7-88A9-42C4-89BF-BB1B2336945A}
		{96F48000-42E9-4D6D-AF64-1278F158657E} = {B82B47A7-88A9-42C4-89BF-BB1B2336945A}
		{814E54E1-2F53-4996-8185-64655DAA421B} = {B3DA1202-231F-4E7E-9718-D7F4A528768E}
	EndGlobalSection
EndGlobal
